
Microsoft Visual Studio Solution File, Format Version 12.00
# Visual Studio Version 17
VisualStudioVersion = 17.6.33829.357
MinimumVisualStudioVersion = 10.0.40219.1
Project("{FAE04EC0-301F-11D3-BF4B-00C04F79EFBC}") = "fundamental task", "fundamental task\fundamental task.csproj", "{1329E27A-FC65-438C-BA4B-CE1708A13288}"
EndProject
Global
	GlobalSection(SolutionConfigurationPlatforms) = preSolution
		Debug|Any CPU = Debug|Any CPU
		Release|Any CPU = Release|Any CPU
	EndGlobalSection
	GlobalSection(ProjectConfigurationPlatforms) = postSolution
		{1329E27A-FC65-438C-BA4B-CE1708A13288}.Debug|Any CPU.ActiveCfg = Debug|Any CPU
		{1329E27A-FC65-438C-BA4B-CE1708A13288}.Debug|Any CPU.Build.0 = Debug|Any CPU
		{1329E27A-FC65-438C-BA4B-CE1708A13288}.Release|Any CPU.ActiveCfg = Release|Any CPU
		{1329E27A-FC65-438C-BA4B-CE1708A13288}.Release|Any CPU.Build.0 = Release|Any CPU
	EndGlobalSection
	GlobalSection(SolutionProperties) = preSolution
		HideSolutionNode = FALSE
	EndGlobalSection
	GlobalSection(ExtensibilityGlobals) = postSolution
		SolutionGuid = {0E53BDEB-B59C-4526-A544-C5918B8C5820}
	EndGlobalSection
EndGlobal
