
Microsoft Visual Studio Solution File, Format Version 12.00
# Visual Studio Version 17
VisualStudioVersion = 17.6.33829.357
MinimumVisualStudioVersion = 10.0.40219.1
Project("{FAE04EC0-301F-11D3-BF4B-00C04F79EFBC}") = "Ref and outkey", "Ref and outkey\Ref and outkey.csproj", "{42AB204B-788D-4C40-B096-B3FB96BAEE02}"
EndProject
Global
	GlobalSection(SolutionConfigurationPlatforms) = preSolution
		Debug|Any CPU = Debug|Any CPU
		Release|Any CPU = Release|Any CPU
	EndGlobalSection
	GlobalSection(ProjectConfigurationPlatforms) = postSolution
		{42AB204B-788D-4C40-B096-B3FB96BAEE02}.Debug|Any CPU.ActiveCfg = Debug|Any CPU
		{42AB204B-788D-4C40-B096-B3FB96BAEE02}.Debug|Any CPU.Build.0 = Debug|Any CPU
		{42AB204B-788D-4C40-B096-B3FB96BAEE02}.Release|Any CPU.ActiveCfg = Release|Any CPU
		{42AB204B-788D-4C40-B096-B3FB96BAEE02}.Release|Any CPU.Build.0 = Release|Any CPU
	EndGlobalSection
	GlobalSection(SolutionProperties) = preSolution
		HideSolutionNode = FALSE
	EndGlobalSection
	GlobalSection(ExtensibilityGlobals) = postSolution
		SolutionGuid = {6EB07532-33DF-4231-B237-03E9BB1D40D0}
	EndGlobalSection
EndGlobal
