
Microsoft Visual Studio Solution File, Format Version 12.00
# Visual Studio Version 17
VisualStudioVersion = 17.6.33829.357
MinimumVisualStudioVersion = 10.0.40219.1
Project("{FAE04EC0-301F-11D3-BF4B-00C04F79EFBC}") = "Classes", "Classes.csproj", "{98E99E7B-96E8-432D-9BA2-C5724A8C033A}"
EndProject
Global
	GlobalSection(SolutionConfigurationPlatforms) = preSolution
		Debug|Any CPU = Debug|Any CPU
		Release|Any CPU = Release|Any CPU
	EndGlobalSection
	GlobalSection(ProjectConfigurationPlatforms) = postSolution
		{98E99E7B-96E8-432D-9BA2-C5724A8C033A}.Debug|Any CPU.ActiveCfg = Debug|Any CPU
		{98E99E7B-96E8-432D-9BA2-C5724A8C033A}.Debug|Any CPU.Build.0 = Debug|Any CPU
		{98E99E7B-96E8-432D-9BA2-C5724A8C033A}.Release|Any CPU.ActiveCfg = Release|Any CPU
		{98E99E7B-96E8-432D-9BA2-C5724A8C033A}.Release|Any CPU.Build.0 = Release|Any CPU
	EndGlobalSection
	GlobalSection(SolutionProperties) = preSolution
		HideSolutionNode = FALSE
	EndGlobalSection
	GlobalSection(ExtensibilityGlobals) = postSolution
		SolutionGuid = {F9B067DA-E859-439E-A5E2-80F5B858A76C}
	EndGlobalSection
EndGlobal
