
Microsoft Visual Studio Solution File, Format Version 12.00
# Visual Studio Version 17
VisualStudioVersion = 17.6.33829.357
MinimumVisualStudioVersion = 10.0.40219.1
Project("{FAE04EC0-301F-11D3-BF4B-00C04F79EFBC}") = "Generic", "Generic.csproj", "{3B42968D-E617-4020-AAF2-D98D6665321F}"
EndProject
Global
	GlobalSection(SolutionConfigurationPlatforms) = preSolution
		Debug|Any CPU = Debug|Any CPU
		Release|Any CPU = Release|Any CPU
	EndGlobalSection
	GlobalSection(ProjectConfigurationPlatforms) = postSolution
		{3B42968D-E617-4020-AAF2-D98D6665321F}.Debug|Any CPU.ActiveCfg = Debug|Any CPU
		{3B42968D-E617-4020-AAF2-D98D6665321F}.Debug|Any CPU.Build.0 = Debug|Any CPU
		{3B42968D-E617-4020-AAF2-D98D6665321F}.Release|Any CPU.ActiveCfg = Release|Any CPU
		{3B42968D-E617-4020-AAF2-D98D6665321F}.Release|Any CPU.Build.0 = Release|Any CPU
	EndGlobalSection
	GlobalSection(SolutionProperties) = preSolution
		HideSolutionNode = FALSE
	EndGlobalSection
	GlobalSection(ExtensibilityGlobals) = postSolution
		SolutionGuid = {6AE936D4-26F4-438D-AC6D-93E7D903BA99}
	EndGlobalSection
EndGlobal
