
Microsoft Visual Studio Solution File, Format Version 12.00
# Visual Studio Version 17
VisualStudioVersion = 17.6.33829.357
MinimumVisualStudioVersion = 10.0.40219.1
Project("{FAE04EC0-301F-11D3-BF4B-00C04F79EFBC}") = "Access_Modifiers", "Access_Modifiers.csproj", "{D4D500C4-606A-46D2-A6DF-B155C5046F27}"
EndProject
Global
	GlobalSection(SolutionConfigurationPlatforms) = preSolution
		Debug|Any CPU = Debug|Any CPU
		Release|Any CPU = Release|Any CPU
	EndGlobalSection
	GlobalSection(ProjectConfigurationPlatforms) = postSolution
		{D4D500C4-606A-46D2-A6DF-B155C5046F27}.Debug|Any CPU.ActiveCfg = Debug|Any CPU
		{D4D500C4-606A-46D2-A6DF-B155C5046F27}.Debug|Any CPU.Build.0 = Debug|Any CPU
		{D4D500C4-606A-46D2-A6DF-B155C5046F27}.Release|Any CPU.ActiveCfg = Release|Any CPU
		{D4D500C4-606A-46D2-A6DF-B155C5046F27}.Release|Any CPU.Build.0 = Release|Any CPU
	EndGlobalSection
	GlobalSection(SolutionProperties) = preSolution
		HideSolutionNode = FALSE
	EndGlobalSection
	GlobalSection(ExtensibilityGlobals) = postSolution
		SolutionGuid = {D81C853F-AACC-4DF2-9A5C-1FE71FB36810}
	EndGlobalSection
EndGlobal
