
Microsoft Visual Studio Solution File, Format Version 12.00
# Visual Studio Version 17
VisualStudioVersion = 17.6.33829.357
MinimumVisualStudioVersion = 10.0.40219.1
Project("{FAE04EC0-301F-11D3-BF4B-00C04F79EFBC}") = "Task 3 Pascal's Triangle", "Task 3 Pascal's Triangle\Task 3 Pascal's Triangle.csproj", "{A0DB6D3A-E9D2-4D24-89F8-6FD0E1F40074}"
EndProject
Global
	GlobalSection(SolutionConfigurationPlatforms) = preSolution
		Debug|Any CPU = Debug|Any CPU
		Release|Any CPU = Release|Any CPU
	EndGlobalSection
	GlobalSection(ProjectConfigurationPlatforms) = postSolution
		{A0DB6D3A-E9D2-4D24-89F8-6FD0E1F40074}.Debug|Any CPU.ActiveCfg = Debug|Any CPU
		{A0DB6D3A-E9D2-4D24-89F8-6FD0E1F40074}.Debug|Any CPU.Build.0 = Debug|Any CPU
		{A0DB6D3A-E9D2-4D24-89F8-6FD0E1F40074}.Release|Any CPU.ActiveCfg = Release|Any CPU
		{A0DB6D3A-E9D2-4D24-89F8-6FD0E1F40074}.Release|Any CPU.Build.0 = Release|Any CPU
	EndGlobalSection
	GlobalSection(SolutionProperties) = preSolution
		HideSolutionNode = FALSE
	EndGlobalSection
	GlobalSection(ExtensibilityGlobals) = postSolution
		SolutionGuid = {D5ECC8F4-FD80-4C55-854C-1DB29AC088E6}
	EndGlobalSection
EndGlobal
