
Microsoft Visual Studio Solution File, Format Version 12.00
# Visual Studio Version 17
VisualStudioVersion = 17.6.33829.357
MinimumVisualStudioVersion = 10.0.40219.1
Project("{FAE04EC0-301F-11D3-BF4B-00C04F79EFBC}") = "test prime", "test prime\test prime.csproj", "{AE393336-F9E2-4C29-86C5-6BB37E0B9712}"
EndProject
Global
	GlobalSection(SolutionConfigurationPlatforms) = preSolution
		Debug|Any CPU = Debug|Any CPU
		Release|Any CPU = Release|Any CPU
	EndGlobalSection
	GlobalSection(ProjectConfigurationPlatforms) = postSolution
		{AE393336-F9E2-4C29-86C5-6BB37E0B9712}.Debug|Any CPU.ActiveCfg = Debug|Any CPU
		{AE393336-F9E2-4C29-86C5-6BB37E0B9712}.Debug|Any CPU.Build.0 = Debug|Any CPU
		{AE393336-F9E2-4C29-86C5-6BB37E0B9712}.Release|Any CPU.ActiveCfg = Release|Any CPU
		{AE393336-F9E2-4C29-86C5-6BB37E0B9712}.Release|Any CPU.Build.0 = Release|Any CPU
	EndGlobalSection
	GlobalSection(SolutionProperties) = preSolution
		HideSolutionNode = FALSE
	EndGlobalSection
	GlobalSection(ExtensibilityGlobals) = postSolution
		SolutionGuid = {FA31FB03-B715-4C65-953F-795AD31BD939}
	EndGlobalSection
EndGlobal
